{
  "pins" : [
    {
      "identity" : "liveview-native-core-swift",
      "kind" : "remoteSourceControl",
      "location" : "https://github.com/liveviewnative/liveview-native-core-swift.git",
      "state" : {
        "branch" : "main",
        "revision" : "b17ec926bd293b57214171745f67a5393239ca9e"
      }
    },
    {
      "identity" : "swiftphoenixclient",
      "kind" : "remoteSourceControl",
      "location" : "https://github.com/davidstump/SwiftPhoenixClient.git",
      "state" : {
        "revision" : "613989bf2e562d8a851ea83741681c3439353b45",
        "version" : "5.0.0"
      }
    },
    {
      "identity" : "swiftsoup",
      "kind" : "remoteSourceControl",
      "location" : "https://github.com/scinfu/SwiftSoup.git",
      "state" : {
        "revision" : "6778575285177365cbad3e5b8a72f2a20583cfec",
        "version" : "2.4.3"
      }
    },
    {
      "identity" : "swiftui-introspect",
      "kind" : "remoteSourceControl",
      "location" : "https://github.com/siteline/SwiftUI-Introspect.git",
      "state" : {
        "revision" : "f2616860a41f9d9932da412a8978fec79c06fe24",
        "version" : "0.1.4"
      }
    }
  ],
  "version" : 2
}
